// !$*UTF8*$!
{
	archiveVersion = 1;
	classes = {
	};
	objectVersion = 50;
	objects = {

/* Begin PBXBuildFile section */
		A6791EAD25DF41FB001016F7 /* AppDelegate.swift in Sources */ = {isa = PBXBuildFile; fileRef = A6791EAC25DF41FB001016F7 /* AppDelegate.swift */; };
		A6791EAF25DF41FB001016F7 /* SceneDelegate.swift in Sources */ = {isa = PBXBuildFile; fileRef = A6791EAE25DF41FB001016F7 /* SceneDelegate.swift */; };
		A6791EB425DF41FB001016F7 /* Main.storyboard in Resources */ = {isa = PBXBuildFile; fileRef = A6791EB225DF41FB001016F7 /* Main.storyboard */; };
		A6791EB625DF41FC001016F7 /* Assets.xcassets in Resources */ = {isa = PBXBuildFile; fileRef = A6791EB525DF41FC001016F7 /* Assets.xcassets */; };
		A6791EB925DF41FC001016F7 /* LaunchScreen.storyboard in Resources */ = {isa = PBXBuildFile; fileRef = A6791EB725DF41FC001016F7 /* LaunchScreen.storyboard */; };
		A6791EC625DF4603001016F7 /* AppContainerViewController.swift in Sources */ = {isa = PBXBuildFile; fileRef = A6791EC525DF4603001016F7 /* AppContainerViewController.swift */; };
		A6791EC925DF464B001016F7 /* PhotoListCollectionViewController.swift in Sources */ = {isa = PBXBuildFile; fileRef = A6791EC825DF464B001016F7 /* PhotoListCollectionViewController.swift */; };
		A6791ECC25DF4696001016F7 /* PhotoFiltersViewController.swift in Sources */ = {isa = PBXBuildFile; fileRef = A6791ECB25DF4696001016F7 /* PhotoFiltersViewController.swift */; };
		A6791ED025DF4B50001016F7 /* UIViewController+Extensions.swift in Sources */ = {isa = PBXBuildFile; fileRef = A6791ECF25DF4B50001016F7 /* UIViewController+Extensions.swift */; };
		A6791ED525DF5690001016F7 /* PhotoListCollectionViewCell.swift in Sources */ = {isa = PBXBuildFile; fileRef = A6791ED425DF5690001016F7 /* PhotoListCollectionViewCell.swift */; };
		A6791ED825DF995D001016F7 /* PhotoPreviewViewController.swift in Sources */ = {isa = PBXBuildFile; fileRef = A6791ED725DF995D001016F7 /* PhotoPreviewViewController.swift */; };
		A6986AF925E3444400B55FF1 /* FilterService.swift in Sources */ = {isa = PBXBuildFile; fileRef = A6986AF825E3444400B55FF1 /* FilterService.swift */; };
/* End PBXBuildFile section */

/* Begin PBXFileReference section */
		A6791EA925DF41FB001016F7 /* Camera App.app */ = {isa = PBXFileReference; explicitFileType = wrapper.application; includeInIndex = 0; path = "Camera App.app"; sourceTree = BUILT_PRODUCTS_DIR; };
		A6791EAC25DF41FB001016F7 /* AppDelegate.swift */ = {isa = PBXFileReference; lastKnownFileType = sourcecode.swift; path = AppDelegate.swift; sourceTree = "<group>"; };
		A6791EAE25DF41FB001016F7 /* SceneDelegate.swift */ = {isa = PBXFileReference; lastKnownFileType = sourcecode.swift; path = SceneDelegate.swift; sourceTree = "<group>"; };
		A6791EB325DF41FB001016F7 /* Base */ = {isa = PBXFileReference; lastKnownFileType = file.storyboard; name = Base; path = Base.lproj/Main.storyboard; sourceTree = "<group>"; };
		A6791EB525DF41FC001016F7 /* Assets.xcassets */ = {isa = PBXFileReference; lastKnownFileType = folder.assetcatalog; path = Assets.xcassets; sourceTree = "<group>"; };
		A6791EB825DF41FC001016F7 /* Base */ = {isa = PBXFileReference; lastKnownFileType = file.storyboard; name = Base; path = Base.lproj/LaunchScreen.storyboard; sourceTree = "<group>"; };
		A6791EBA25DF41FC001016F7 /* Info.plist */ = {isa = PBXFileReference; lastKnownFileType = text.plist.xml; path = Info.plist; sourceTree = "<group>"; };
		A6791EC525DF4603001016F7 /* AppContainerViewController.swift */ = {isa = PBXFileReference; lastKnownFileType = sourcecode.swift; path = AppContainerViewController.swift; sourceTree = "<group>"; };
		A6791EC825DF464B001016F7 /* PhotoListCollectionViewController.swift */ = {isa = PBXFileReference; lastKnownFileType = sourcecode.swift; path = PhotoListCollectionViewController.swift; sourceTree = "<group>"; };
		A6791ECB25DF4696001016F7 /* PhotoFiltersViewController.swift */ = {isa = PBXFileReference; lastKnownFileType = sourcecode.swift; path = PhotoFiltersViewController.swift; sourceTree = "<group>"; };
		A6791ECF25DF4B50001016F7 /* UIViewController+Extensions.swift */ = {isa = PBXFileReference; lastKnownFileType = sourcecode.swift; path = "UIViewController+Extensions.swift"; sourceTree = "<group>"; };
		A6791ED425DF5690001016F7 /* PhotoListCollectionViewCell.swift */ = {isa = PBXFileReference; lastKnownFileType = sourcecode.swift; path = PhotoListCollectionViewCell.swift; sourceTree = "<group>"; };
		A6791ED725DF995D001016F7 /* PhotoPreviewViewController.swift */ = {isa = PBXFileReference; lastKnownFileType = sourcecode.swift; path = PhotoPreviewViewController.swift; sourceTree = "<group>"; };
		A6986AF825E3444400B55FF1 /* FilterService.swift */ = {isa = PBXFileReference; lastKnownFileType = sourcecode.swift; path = FilterService.swift; sourceTree = "<group>"; };
/* End PBXFileReference section */

/* Begin PBXFrameworksBuildPhase section */
		A6791EA625DF41FB001016F7 /* Frameworks */ = {
			isa = PBXFrameworksBuildPhase;
			buildActionMask = 2147483647;
			files = (
			);
			runOnlyForDeploymentPostprocessing = 0;
		};
/* End PBXFrameworksBuildPhase section */

/* Begin PBXGroup section */
		A6791EA025DF41FB001016F7 = {
			isa = PBXGroup;
			children = (
				A6791EAB25DF41FB001016F7 /* Camera App */,
				A6791EAA25DF41FB001016F7 /* Products */,
			);
			sourceTree = "<group>";
		};
		A6791EAA25DF41FB001016F7 /* Products */ = {
			isa = PBXGroup;
			children = (
				A6791EA925DF41FB001016F7 /* Camera App.app */,
			);
			name = Products;
			sourceTree = "<group>";
		};
		A6791EAB25DF41FB001016F7 /* Camera App */ = {
			isa = PBXGroup;
			children = (
				A6986AF725E3443400B55FF1 /* Services */,
				A6791ED325DF5679001016F7 /* Cells */,
				A6791ECE25DF4B3A001016F7 /* Extensions */,
				A6791EC325DF450D001016F7 /* Controllers */,
				A6791EAC25DF41FB001016F7 /* AppDelegate.swift */,
				A6791EAE25DF41FB001016F7 /* SceneDelegate.swift */,
				A6791EB225DF41FB001016F7 /* Main.storyboard */,
				A6791EB525DF41FC001016F7 /* Assets.xcassets */,
				A6791EB725DF41FC001016F7 /* LaunchScreen.storyboard */,
				A6791EBA25DF41FC001016F7 /* Info.plist */,
			);
			path = "Camera App";
			sourceTree = "<group>";
		};
		A6791EC325DF450D001016F7 /* Controllers */ = {
			isa = PBXGroup;
			children = (
				A6791EC525DF4603001016F7 /* AppContainerViewController.swift */,
				A6791EC825DF464B001016F7 /* PhotoListCollectionViewController.swift */,
				A6791ECB25DF4696001016F7 /* PhotoFiltersViewController.swift */,
				A6791ED725DF995D001016F7 /* PhotoPreviewViewController.swift */,
			);
			path = Controllers;
			sourceTree = "<group>";
		};
		A6791ECE25DF4B3A001016F7 /* Extensions */ = {
			isa = PBXGroup;
			children = (
				A6791ECF25DF4B50001016F7 /* UIViewController+Extensions.swift */,
			);
			path = Extensions;
			sourceTree = "<group>";
		};
		A6791ED325DF5679001016F7 /* Cells */ = {
			isa = PBXGroup;
			children = (
				A6791ED425DF5690001016F7 /* PhotoListCollectionViewCell.swift */,
			);
			path = Cells;
			sourceTree = "<group>";
		};
		A6986AF725E3443400B55FF1 /* Services */ = {
			isa = PBXGroup;
			children = (
				A6986AF825E3444400B55FF1 /* FilterService.swift */,
			);
			path = Services;
			sourceTree = "<group>";
		};
/* End PBXGroup section */

/* Begin PBXNativeTarget section */
		A6791EA825DF41FB001016F7 /* Camera App */ = {
			isa = PBXNativeTarget;
			buildConfigurationList = A6791EBD25DF41FC001016F7 /* Build configuration list for PBXNativeTarget "Camera App" */;
			buildPhases = (
				A6791EA525DF41FB001016F7 /* Sources */,
				A6791EA625DF41FB001016F7 /* Frameworks */,
				A6791EA725DF41FB001016F7 /* Resources */,
			);
			buildRules = (
			);
			dependencies = (
			);
			name = "Camera App";
			productName = "Camera App";
			productReference = A6791EA925DF41FB001016F7 /* Camera App.app */;
			productType = "com.apple.product-type.application";
		};
/* End PBXNativeTarget section */

/* Begin PBXProject section */
		A6791EA125DF41FB001016F7 /* Project object */ = {
			isa = PBXProject;
			attributes = {
				LastSwiftUpdateCheck = 1240;
				LastUpgradeCheck = 1240;
				TargetAttributes = {
					A6791EA825DF41FB001016F7 = {
						CreatedOnToolsVersion = 12.4;
					};
				};
			};
			buildConfigurationList = A6791EA425DF41FB001016F7 /* Build configuration list for PBXProject "Camera App" */;
			compatibilityVersion = "Xcode 9.3";
			developmentRegion = en;
			hasScannedForEncodings = 0;
			knownRegions = (
				en,
				Base,
			);
			mainGroup = A6791EA025DF41FB001016F7;
			productRefGroup = A6791EAA25DF41FB001016F7 /* Products */;
			projectDirPath = "";
			projectRoot = "";
			targets = (
				A6791EA825DF41FB001016F7 /* Camera App */,
			);
		};
/* End PBXProject section */

/* Begin PBXResourcesBuildPhase section */
		A6791EA725DF41FB001016F7 /* Resources */ = {
			isa = PBXResourcesBuildPhase;
			buildActionMask = 2147483647;
			files = (
				A6791EB925DF41FC001016F7 /* LaunchScreen.storyboard in Resources */,
				A6791EB625DF41FC001016F7 /* Assets.xcassets in Resources */,
				A6791EB425DF41FB001016F7 /* Main.storyboard in Resources */,
			);
			runOnlyForDeploymentPostprocessing = 0;
		};
/* End PBXResourcesBuildPhase section */

/* Begin PBXSourcesBuildPhase section */
		A6791EA525DF41FB001016F7 /* Sources */ = {
			isa = PBXSourcesBuildPhase;
			buildActionMask = 2147483647;
			files = (
				A6791ECC25DF4696001016F7 /* PhotoFiltersViewController.swift in Sources */,
				A6791EAD25DF41FB001016F7 /* AppDelegate.swift in Sources */,
				A6791EAF25DF41FB001016F7 /* SceneDelegate.swift in Sources */,
				A6791EC625DF4603001016F7 /* AppContainerViewController.swift in Sources */,
				A6791ED825DF995D001016F7 /* PhotoPreviewViewController.swift in Sources */,
				A6791ED025DF4B50001016F7 /* UIViewController+Extensions.swift in Sources */,
				A6986AF925E3444400B55FF1 /* FilterService.swift in Sources */,
				A6791EC925DF464B001016F7 /* PhotoListCollectionViewController.swift in Sources */,
				A6791ED525DF5690001016F7 /* PhotoListCollectionViewCell.swift in Sources */,
			);
			runOnlyForDeploymentPostprocessing = 0;
		};
/* End PBXSourcesBuildPhase section */

/* Begin PBXVariantGroup section */
		A6791EB225DF41FB001016F7 /* Main.storyboard */ = {
			isa = PBXVariantGroup;
			children = (
				A6791EB325DF41FB001016F7 /* Base */,
			);
			name = Main.storyboard;
			sourceTree = "<group>";
		};
		A6791EB725DF41FC001016F7 /* LaunchScreen.storyboard */ = {
			isa = PBXVariantGroup;
			children = (
				A6791EB825DF41FC001016F7 /* Base */,
			);
			name = LaunchScreen.storyboard;
			sourceTree = "<group>";
		};
/* End PBXVariantGroup section */

/* Begin XCBuildConfiguration section */
		A6791EBB25DF41FC001016F7 /* Debug */ = {
			isa = XCBuildConfiguration;
			buildSettings = {
				ALWAYS_SEARCH_USER_PATHS = NO;
				CLANG_ANALYZER_NONNULL = YES;
				CLANG_ANALYZER_NUMBER_OBJECT_CONVERSION = YES_AGGRESSIVE;
				CLANG_CXX_LANGUAGE_STANDARD = "gnu++14";
				CLANG_CXX_LIBRARY = "libc++";
				CLANG_ENABLE_MODULES = YES;
				CLANG_ENABLE_OBJC_ARC = YES;
				CLANG_ENABLE_OBJC_WEAK = YES;
				CLANG_WARN_BLOCK_CAPTURE_AUTORELEASING = YES;
				CLANG_WARN_BOOL_CONVERSION = YES;
				CLANG_WARN_COMMA = YES;
				CLANG_WARN_CONSTANT_CONVERSION = YES;
				CLANG_WARN_DEPRECATED_OBJC_IMPLEMENTATIONS = YES;
				CLANG_WARN_DIRECT_OBJC_ISA_USAGE = YES_ERROR;
				CLANG_WARN_DOCUMENTATION_COMMENTS = YES;
				CLANG_WARN_EMPTY_BODY = YES;
				CLANG_WARN_ENUM_CONVERSION = YES;
				CLANG_WARN_INFINITE_RECURSION = YES;
				CLANG_WARN_INT_CONVERSION = YES;
				CLANG_WARN_NON_LITERAL_NULL_CONVERSION = YES;
				CLANG_WARN_OBJC_IMPLICIT_RETAIN_SELF = YES;
				CLANG_WARN_OBJC_LITERAL_CONVERSION = YES;
				CLANG_WARN_OBJC_ROOT_CLASS = YES_ERROR;
				CLANG_WARN_QUOTED_INCLUDE_IN_FRAMEWORK_HEADER = YES;
				CLANG_WARN_RANGE_LOOP_ANALYSIS = YES;
				CLANG_WARN_STRICT_PROTOTYPES = YES;
				CLANG_WARN_SUSPICIOUS_MOVE = YES;
				CLANG_WARN_UNGUARDED_AVAILABILITY = YES_AGGRESSIVE;
				CLANG_WARN_UNREACHABLE_CODE = YES;
				CLANG_WARN__DUPLICATE_METHOD_MATCH = YES;
				COPY_PHASE_STRIP = NO;
				DEBUG_INFORMATION_FORMAT = dwarf;
				ENABLE_STRICT_OBJC_MSGSEND = YES;
				ENABLE_TESTABILITY = YES;
				GCC_C_LANGUAGE_STANDARD = gnu11;
				GCC_DYNAMIC_NO_PIC = NO;
				GCC_NO_COMMON_BLOCKS = YES;
				GCC_OPTIMIZATION_LEVEL = 0;
				GCC_PREPROCESSOR_DEFINITIONS = (
					"DEBUG=1",
					"$(inherited)",
				);
				GCC_WARN_64_TO_32_BIT_CONVERSION = YES;
				GCC_WARN_ABOUT_RETURN_TYPE = YES_ERROR;
				GCC_WARN_UNDECLARED_SELECTOR = YES;
				GCC_WARN_UNINITIALIZED_AUTOS = YES_AGGRESSIVE;
				GCC_WARN_UNUSED_FUNCTION = YES;
				GCC_WARN_UNUSED_VARIABLE = YES;
				IPHONEOS_DEPLOYMENT_TARGET = 14.4;
				MTL_ENABLE_DEBUG_INFO = INCLUDE_SOURCE;
				MTL_FAST_MATH = YES;
				ONLY_ACTIVE_ARCH = YES;
				SDKROOT = iphoneos;
				SWIFT_ACTIVE_COMPILATION_CONDITIONS = DEBUG;
				SWIFT_OPTIMIZATION_LEVEL = "-Onone";
			};
			name = Debug;
		};
		A6791EBC25DF41FC001016F7 /* Release */ = {
			isa = XCBuildConfiguration;
			buildSettings = {
				ALWAYS_SEARCH_USER_PATHS = NO;
				CLANG_ANALYZER_NONNULL = YES;
				CLANG_ANALYZER_NUMBER_OBJECT_CONVERSION = YES_AGGRESSIVE;
				CLANG_CXX_LANGUAGE_STANDARD = "gnu++14";
				CLANG_CXX_LIBRARY = "libc++";
				CLANG_ENABLE_MODULES = YES;
				CLANG_ENABLE_OBJC_ARC = YES;
				CLANG_ENABLE_OBJC_WEAK = YES;
				CLANG_WARN_BLOCK_CAPTURE_AUTORELEASING = YES;
				CLANG_WARN_BOOL_CONVERSION = YES;
				CLANG_WARN_COMMA = YES;
				CLANG_WARN_CONSTANT_CONVERSION = YES;
				CLANG_WARN_DEPRECATED_OBJC_IMPLEMENTATIONS = YES;
				CLANG_WARN_DIRECT_OBJC_ISA_USAGE = YES_ERROR;
				CLANG_WARN_DOCUMENTATION_COMMENTS = YES;
				CLANG_WARN_EMPTY_BODY = YES;
				CLANG_WARN_ENUM_CONVERSION = YES;
				CLANG_WARN_INFINITE_RECURSION = YES;
				CLANG_WARN_INT_CONVERSION = YES;
				CLANG_WARN_NON_LITERAL_NULL_CONVERSION = YES;
				CLANG_WARN_OBJC_IMPLICIT_RETAIN_SELF = YES;
				CLANG_WARN_OBJC_LITERAL_CONVERSION = YES;
				CLANG_WARN_OBJC_ROOT_CLASS = YES_ERROR;
				CLANG_WARN_QUOTED_INCLUDE_IN_FRAMEWORK_HEADER = YES;
				CLANG_WARN_RANGE_LOOP_ANALYSIS = YES;
				CLANG_WARN_STRICT_PROTOTYPES = YES;
				CLANG_WARN_SUSPICIOUS_MOVE = YES;
				CLANG_WARN_UNGUARDED_AVAILABILITY = YES_AGGRESSIVE;
				CLANG_WARN_UNREACHABLE_CODE = YES;
				CLANG_WARN__DUPLICATE_METHOD_MATCH = YES;
				COPY_PHASE_STRIP = NO;
				DEBUG_INFORMATION_FORMAT = "dwarf-with-dsym";
				ENABLE_NS_ASSERTIONS = NO;
				ENABLE_STRICT_OBJC_MSGSEND = YES;
				GCC_C_LANGUAGE_STANDARD = gnu11;
				GCC_NO_COMMON_BLOCKS = YES;
				GCC_WARN_64_TO_32_BIT_CONVERSION = YES;
				GCC_WARN_ABOUT_RETURN_TYPE = YES_ERROR;
				GCC_WARN_UNDECLARED_SELECTOR = YES;
				GCC_WARN_UNINITIALIZED_AUTOS = YES_AGGRESSIVE;
				GCC_WARN_UNUSED_FUNCTION = YES;
				GCC_WARN_UNUSED_VARIABLE = YES;
				IPHONEOS_DEPLOYMENT_TARGET = 14.4;
				MTL_ENABLE_DEBUG_INFO = NO;
				MTL_FAST_MATH = YES;
				SDKROOT = iphoneos;
				SWIFT_COMPILATION_MODE = wholemodule;
				SWIFT_OPTIMIZATION_LEVEL = "-O";
				VALIDATE_PRODUCT = YES;
			};
			name = Release;
		};
		A6791EBE25DF41FC001016F7 /* Debug */ = {
			isa = XCBuildConfiguration;
			buildSettings = {
				ASSETCATALOG_COMPILER_APPICON_NAME = AppIcon;
				ASSETCATALOG_COMPILER_GLOBAL_ACCENT_COLOR_NAME = AccentColor;
				CODE_SIGN_STYLE = Automatic;
				DEVELOPMENT_TEAM = T792HGNPDD;
				INFOPLIST_FILE = "Camera App/Info.plist";
				LD_RUNPATH_SEARCH_PATHS = (
					"$(inherited)",
					"@executable_path/Frameworks",
				);
				PRODUCT_BUNDLE_IDENTIFIER = "com.senducusin.Camera-App";
				PRODUCT_NAME = "$(TARGET_NAME)";
				SWIFT_VERSION = 5.0;
				TARGETED_DEVICE_FAMILY = "1,2";
			};
			name = Debug;
		};
		A6791EBF25DF41FC001016F7 /* Release */ = {
			isa = XCBuildConfiguration;
			buildSettings = {
				ASSETCATALOG_COMPILER_APPICON_NAME = AppIcon;
				ASSETCATALOG_COMPILER_GLOBAL_ACCENT_COLOR_NAME = AccentColor;
				CODE_SIGN_STYLE = Automatic;
				DEVELOPMENT_TEAM = T792HGNPDD;
				INFOPLIST_FILE = "Camera App/Info.plist";
				LD_RUNPATH_SEARCH_PATHS = (
					"$(inherited)",
					"@executable_path/Frameworks",
				);
				PRODUCT_BUNDLE_IDENTIFIER = "com.senducusin.Camera-App";
				PRODUCT_NAME = "$(TARGET_NAME)";
				SWIFT_VERSION = 5.0;
				TARGETED_DEVICE_FAMILY = "1,2";
			};
			name = Release;
		};
/* End XCBuildConfiguration section */

/* Begin XCConfigurationList section */
		A6791EA425DF41FB001016F7 /* Build configuration list for PBXProject "Camera App" */ = {
			isa = XCConfigurationList;
			buildConfigurations = (
				A6791EBB25DF41FC001016F7 /* Debug */,
				A6791EBC25DF41FC001016F7 /* Release */,
			);
			defaultConfigurationIsVisible = 0;
			defaultConfigurationName = Release;
		};
		A6791EBD25DF41FC001016F7 /* Build configuration list for PBXNativeTarget "Camera App" */ = {
			isa = XCConfigurationList;
			buildConfigurations = (
				A6791EBE25DF41FC001016F7 /* Debug */,
				A6791EBF25DF41FC001016F7 /* Release */,
			);
			defaultConfigurationIsVisible = 0;
			defaultConfigurationName = Release;
		};
/* End XCConfigurationList section */
	};
	rootObject = A6791EA125DF41FB001016F7 /* Project object */;
}
